
Microsoft Visual Studio Solution File, Format Version 12.00
# Visual Studio Version 17
VisualStudioVersion = 17.9.34701.34
MinimumVisualStudioVersion = 10.0.40219.1
Project("{FAE04EC0-301F-11D3-BF4B-00C04F79EFBC}") = "EnzoUserVerification", "EnzoUserVerification\EnzoUserVerification.csproj", "{4AE6F0ED-1F8A-42DA-B149-990D613133FA}"
EndProject
Project("{FAE04EC0-301F-11D3-BF4B-00C04F79EFBC}") = "BusinessLayer", "BusinessLayer\BusinessLayer.csproj", "{C58FD544-4F44-452A-BEC6-836683601745}"
EndProject
Project("{FAE04EC0-301F-11D3-BF4B-00C04F79EFBC}") = "DataLayer", "DataLayer\DataLayer.csproj", "{B0F2F33D-D95E-45DE-A4EC-3A2A7C032AFC}"
EndProject
Project("{FAE04EC0-301F-11D3-BF4B-00C04F79EFBC}") = "ProgramUI", "ProgramUI\ProgramUI.csproj", "{0216ECDE-8E14-4ADF-8D06-E78A9489D02D}"
EndProject
Global
	GlobalSection(SolutionConfigurationPlatforms) = preSolution
		Debug|Any CPU = Debug|Any CPU
		Release|Any CPU = Release|Any CPU
	EndGlobalSection
	GlobalSection(ProjectConfigurationPlatforms) = postSolution
		{4AE6F0ED-1F8A-42DA-B149-990D613133FA}.Debug|Any CPU.ActiveCfg = Debug|Any CPU
		{4AE6F0ED-1F8A-42DA-B149-990D613133FA}.Debug|Any CPU.Build.0 = Debug|Any CPU
		{4AE6F0ED-1F8A-42DA-B149-990D613133FA}.Release|Any CPU.ActiveCfg = Release|Any CPU
		{4AE6F0ED-1F8A-42DA-B149-990D613133FA}.Release|Any CPU.Build.0 = Release|Any CPU
		{C58FD544-4F44-452A-BEC6-836683601745}.Debug|Any CPU.ActiveCfg = Debug|Any CPU
		{C58FD544-4F44-452A-BEC6-836683601745}.Debug|Any CPU.Build.0 = Debug|Any CPU
		{C58FD544-4F44-452A-BEC6-836683601745}.Release|Any CPU.ActiveCfg = Release|Any CPU
		{C58FD544-4F44-452A-BEC6-836683601745}.Release|Any CPU.Build.0 = Release|Any CPU
		{B0F2F33D-D95E-45DE-A4EC-3A2A7C032AFC}.Debug|Any CPU.ActiveCfg = Debug|Any CPU
		{B0F2F33D-D95E-45DE-A4EC-3A2A7C032AFC}.Debug|Any CPU.Build.0 = Debug|Any CPU
		{B0F2F33D-D95E-45DE-A4EC-3A2A7C032AFC}.Release|Any CPU.ActiveCfg = Release|Any CPU
		{B0F2F33D-D95E-45DE-A4EC-3A2A7C032AFC}.Release|Any CPU.Build.0 = Release|Any CPU
		{0216ECDE-8E14-4ADF-8D06-E78A9489D02D}.Debug|Any CPU.ActiveCfg = Debug|Any CPU
		{0216ECDE-8E14-4ADF-8D06-E78A9489D02D}.Debug|Any CPU.Build.0 = Debug|Any CPU
		{0216ECDE-8E14-4ADF-8D06-E78A9489D02D}.Release|Any CPU.ActiveCfg = Release|Any CPU
		{0216ECDE-8E14-4ADF-8D06-E78A9489D02D}.Release|Any CPU.Build.0 = Release|Any CPU
	EndGlobalSection
	GlobalSection(SolutionProperties) = preSolution
		HideSolutionNode = FALSE
	EndGlobalSection
	GlobalSection(ExtensibilityGlobals) = postSolution
		SolutionGuid = {BC2E37CF-BE8E-4387-87E3-6807FBC7637B}
	EndGlobalSection
EndGlobal
